
Microsoft Visual Studio Solution File, Format Version 12.00
# Visual Studio 15
VisualStudioVersion = 15.0.27703.2042
MinimumVisualStudioVersion = 10.0.40219.1
Project("{FAE04EC0-301F-11D3-BF4B-00C04F79EFBC}") = "GC-MT-1v2", "GC-MT-1v2\GC-MT-1v2.csproj", "{F1ACAC57-D383-45A9-AA9C-B022339A5AC7}"
EndProject
Global
	GlobalSection(SolutionConfigurationPlatforms) = preSolution
		Debug|Any CPU = Debug|Any CPU
		Release|Any CPU = Release|Any CPU
	EndGlobalSection
	GlobalSection(ProjectConfigurationPlatforms) = postSolution
		{F1ACAC57-D383-45A9-AA9C-B022339A5AC7}.Debug|Any CPU.ActiveCfg = Debug|Any CPU
		{F1ACAC57-D383-45A9-AA9C-B022339A5AC7}.Debug|Any CPU.Build.0 = Debug|Any CPU
		{F1ACAC57-D383-45A9-AA9C-B022339A5AC7}.Release|Any CPU.ActiveCfg = Release|Any CPU
		{F1ACAC57-D383-45A9-AA9C-B022339A5AC7}.Release|Any CPU.Build.0 = Release|Any CPU
	EndGlobalSection
	GlobalSection(SolutionProperties) = preSolution
		HideSolutionNode = FALSE
	EndGlobalSection
	GlobalSection(ExtensibilityGlobals) = postSolution
		SolutionGuid = {F9D9D756-34E0-4AD2-B63F-73F696A80467}
	EndGlobalSection
EndGlobal
